
Microsoft Visual Studio Solution File, Format Version 12.00
# Visual Studio Version 17
VisualStudioVersion = 17.14.36414.22 d17.14
MinimumVisualStudioVersion = 10.0.40219.1
Project("{FAE04EC0-301F-11D3-BF4B-00C04F79EFBC}") = "ProjetoWebMVC", "ProjetoWebMVC\ProjetoWebMVC.csproj", "{CC61BD75-F758-4F73-9B76-AFCEEF20A3C6}"
EndProject
Global
	GlobalSection(SolutionConfigurationPlatforms) = preSolution
		Debug|Any CPU = Debug|Any CPU
		Release|Any CPU = Release|Any CPU
	EndGlobalSection
	GlobalSection(ProjectConfigurationPlatforms) = postSolution
		{CC61BD75-F758-4F73-9B76-AFCEEF20A3C6}.Debug|Any CPU.ActiveCfg = Debug|Any CPU
		{CC61BD75-F758-4F73-9B76-AFCEEF20A3C6}.Debug|Any CPU.Build.0 = Debug|Any CPU
		{CC61BD75-F758-4F73-9B76-AFCEEF20A3C6}.Release|Any CPU.ActiveCfg = Release|Any CPU
		{CC61BD75-F758-4F73-9B76-AFCEEF20A3C6}.Release|Any CPU.Build.0 = Release|Any CPU
	EndGlobalSection
	GlobalSection(SolutionProperties) = preSolution
		HideSolutionNode = FALSE
	EndGlobalSection
	GlobalSection(ExtensibilityGlobals) = postSolution
		SolutionGuid = {A25964D1-6545-457E-A422-21E9CEFF5BD8}
	EndGlobalSection
EndGlobal
